
Microsoft Visual Studio Solution File, Format Version 12.00
# Visual Studio Version 16
VisualStudioVersion = 16.0.31613.86
MinimumVisualStudioVersion = 10.0.40219.1
Project("{8BC9CEB8-8B4A-11D0-8D11-00A0C91BC942}") = "czh-cpp", "czh-cpp.vcxproj", "{D46355A4-F8DE-4607-B062-789CECD5D4EF}"
EndProject
Global
	GlobalSection(SolutionConfigurationPlatforms) = preSolution
		Debug|x64 = Debug|x64
		Debug|x86 = Debug|x86
		Release|x64 = Release|x64
		Release|x86 = Release|x86
	EndGlobalSection
	GlobalSection(ProjectConfigurationPlatforms) = postSolution
		{D46355A4-F8DE-4607-B062-789CECD5D4EF}.Debug|x64.ActiveCfg = Debug|x64
		{D46355A4-F8DE-4607-B062-789CECD5D4EF}.Debug|x64.Build.0 = Debug|x64
		{D46355A4-F8DE-4607-B062-789CECD5D4EF}.Debug|x86.ActiveCfg = Debug|Win32
		{D46355A4-F8DE-4607-B062-789CECD5D4EF}.Debug|x86.Build.0 = Debug|Win32
		{D46355A4-F8DE-4607-B062-789CECD5D4EF}.Release|x64.ActiveCfg = Release|x64
		{D46355A4-F8DE-4607-B062-789CECD5D4EF}.Release|x64.Build.0 = Release|x64
		{D46355A4-F8DE-4607-B062-789CECD5D4EF}.Release|x86.ActiveCfg = Release|Win32
		{D46355A4-F8DE-4607-B062-789CECD5D4EF}.Release|x86.Build.0 = Release|Win32
	EndGlobalSection
	GlobalSection(SolutionProperties) = preSolution
		HideSolutionNode = FALSE
	EndGlobalSection
	GlobalSection(ExtensibilityGlobals) = postSolution
		SolutionGuid = {4A0FA5B9-270D-4826-9778-9DEAF7007A46}
	EndGlobalSection
EndGlobal
